
Microsoft Visual Studio Solution File, Format Version 12.00
# Visual Studio Version 17
VisualStudioVersion = 17.4.33205.214
MinimumVisualStudioVersion = 10.0.40219.1
Project("{FAE04EC0-301F-11D3-BF4B-00C04F79EFBC}") = "Odev9_CommandLine_Uygulamasi", "Odev9_CommandLine_Uygulamasi.csproj", "{80B9C818-7B38-41A6-978B-F53FD9D96479}"
EndProject
Global
	GlobalSection(SolutionConfigurationPlatforms) = preSolution
		Debug|Any CPU = Debug|Any CPU
		Release|Any CPU = Release|Any CPU
	EndGlobalSection
	GlobalSection(ProjectConfigurationPlatforms) = postSolution
		{80B9C818-7B38-41A6-978B-F53FD9D96479}.Debug|Any CPU.ActiveCfg = Debug|Any CPU
		{80B9C818-7B38-41A6-978B-F53FD9D96479}.Debug|Any CPU.Build.0 = Debug|Any CPU
		{80B9C818-7B38-41A6-978B-F53FD9D96479}.Release|Any CPU.ActiveCfg = Release|Any CPU
		{80B9C818-7B38-41A6-978B-F53FD9D96479}.Release|Any CPU.Build.0 = Release|Any CPU
	EndGlobalSection
	GlobalSection(SolutionProperties) = preSolution
		HideSolutionNode = FALSE
	EndGlobalSection
	GlobalSection(ExtensibilityGlobals) = postSolution
		SolutionGuid = {96875CD3-BEF2-46F5-8E17-5BF794688720}
	EndGlobalSection
EndGlobal
