
Microsoft Visual Studio Solution File, Format Version 12.00
# Visual Studio Version 17
VisualStudioVersion = 17.4.33213.308
MinimumVisualStudioVersion = 10.0.40219.1
Project("{FAE04EC0-301F-11D3-BF4B-00C04F79EFBC}") = "Ders31_SRP", "Ders31_SRP.csproj", "{0C13A4A2-E453-44B2-B5F7-361519412B82}"
EndProject
Global
	GlobalSection(SolutionConfigurationPlatforms) = preSolution
		Debug|Any CPU = Debug|Any CPU
		Release|Any CPU = Release|Any CPU
	EndGlobalSection
	GlobalSection(ProjectConfigurationPlatforms) = postSolution
		{0C13A4A2-E453-44B2-B5F7-361519412B82}.Debug|Any CPU.ActiveCfg = Debug|Any CPU
		{0C13A4A2-E453-44B2-B5F7-361519412B82}.Debug|Any CPU.Build.0 = Debug|Any CPU
		{0C13A4A2-E453-44B2-B5F7-361519412B82}.Release|Any CPU.ActiveCfg = Release|Any CPU
		{0C13A4A2-E453-44B2-B5F7-361519412B82}.Release|Any CPU.Build.0 = Release|Any CPU
	EndGlobalSection
	GlobalSection(SolutionProperties) = preSolution
		HideSolutionNode = FALSE
	EndGlobalSection
	GlobalSection(ExtensibilityGlobals) = postSolution
		SolutionGuid = {9F469AB8-3BAE-4195-A926-8D50C5ABAAEE}
	EndGlobalSection
EndGlobal
