
Microsoft Visual Studio Solution File, Format Version 12.00
# Visual Studio Version 17
VisualStudioVersion = 17.4.33110.190
MinimumVisualStudioVersion = 10.0.40219.1
Project("{FAE04EC0-301F-11D3-BF4B-00C04F79EFBC}") = "SayiTahminOyunu_6HaftaOdev", "SayiTahminOyunu_6HaftaOdev.csproj", "{ED5E7B85-0805-46D2-9B96-326617917044}"
EndProject
Global
	GlobalSection(SolutionConfigurationPlatforms) = preSolution
		Debug|Any CPU = Debug|Any CPU
		Release|Any CPU = Release|Any CPU
	EndGlobalSection
	GlobalSection(ProjectConfigurationPlatforms) = postSolution
		{ED5E7B85-0805-46D2-9B96-326617917044}.Debug|Any CPU.ActiveCfg = Debug|Any CPU
		{ED5E7B85-0805-46D2-9B96-326617917044}.Debug|Any CPU.Build.0 = Debug|Any CPU
		{ED5E7B85-0805-46D2-9B96-326617917044}.Release|Any CPU.ActiveCfg = Release|Any CPU
		{ED5E7B85-0805-46D2-9B96-326617917044}.Release|Any CPU.Build.0 = Release|Any CPU
	EndGlobalSection
	GlobalSection(SolutionProperties) = preSolution
		HideSolutionNode = FALSE
	EndGlobalSection
	GlobalSection(ExtensibilityGlobals) = postSolution
		SolutionGuid = {CDFF0A55-7E06-49EA-8C17-43A1533EFADD}
	EndGlobalSection
EndGlobal
