
Microsoft Visual Studio Solution File, Format Version 12.00
# Visual Studio Version 17
VisualStudioVersion = 17.4.33213.308
MinimumVisualStudioVersion = 10.0.40219.1
Project("{FAE04EC0-301F-11D3-BF4B-00C04F79EFBC}") = "Ders29_Struct", "Ders29_Struct.csproj", "{D34CD2FB-5EE4-40F6-B6ED-D4C41780C755}"
EndProject
Global
	GlobalSection(SolutionConfigurationPlatforms) = preSolution
		Debug|Any CPU = Debug|Any CPU
		Release|Any CPU = Release|Any CPU
	EndGlobalSection
	GlobalSection(ProjectConfigurationPlatforms) = postSolution
		{D34CD2FB-5EE4-40F6-B6ED-D4C41780C755}.Debug|Any CPU.ActiveCfg = Debug|Any CPU
		{D34CD2FB-5EE4-40F6-B6ED-D4C41780C755}.Debug|Any CPU.Build.0 = Debug|Any CPU
		{D34CD2FB-5EE4-40F6-B6ED-D4C41780C755}.Release|Any CPU.ActiveCfg = Release|Any CPU
		{D34CD2FB-5EE4-40F6-B6ED-D4C41780C755}.Release|Any CPU.Build.0 = Release|Any CPU
	EndGlobalSection
	GlobalSection(SolutionProperties) = preSolution
		HideSolutionNode = FALSE
	EndGlobalSection
	GlobalSection(ExtensibilityGlobals) = postSolution
		SolutionGuid = {A670552C-D4BD-4A34-BD29-59BC51192EE2}
	EndGlobalSection
EndGlobal
