
Microsoft Visual Studio Solution File, Format Version 12.00
# Visual Studio Version 17
VisualStudioVersion = 17.3.32929.385
MinimumVisualStudioVersion = 10.0.40219.1
Project("{FAE04EC0-301F-11D3-BF4B-00C04F79EFBC}") = "Ders12_KararMekanizmaları", "Ders12_KararMekanizmaları.csproj", "{8C7BDA64-053D-4BC1-B0F0-8325DBAD3AF5}"
EndProject
Global
	GlobalSection(SolutionConfigurationPlatforms) = preSolution
		Debug|Any CPU = Debug|Any CPU
		Release|Any CPU = Release|Any CPU
	EndGlobalSection
	GlobalSection(ProjectConfigurationPlatforms) = postSolution
		{8C7BDA64-053D-4BC1-B0F0-8325DBAD3AF5}.Debug|Any CPU.ActiveCfg = Debug|Any CPU
		{8C7BDA64-053D-4BC1-B0F0-8325DBAD3AF5}.Debug|Any CPU.Build.0 = Debug|Any CPU
		{8C7BDA64-053D-4BC1-B0F0-8325DBAD3AF5}.Release|Any CPU.ActiveCfg = Release|Any CPU
		{8C7BDA64-053D-4BC1-B0F0-8325DBAD3AF5}.Release|Any CPU.Build.0 = Release|Any CPU
	EndGlobalSection
	GlobalSection(SolutionProperties) = preSolution
		HideSolutionNode = FALSE
	EndGlobalSection
	GlobalSection(ExtensibilityGlobals) = postSolution
		SolutionGuid = {2D207C8D-B546-4C1A-8908-19DFCF9DDC7C}
	EndGlobalSection
EndGlobal
