
Microsoft Visual Studio Solution File, Format Version 12.00
# Visual Studio Version 17
VisualStudioVersion = 17.4.33110.190
MinimumVisualStudioVersion = 10.0.40219.1
Project("{FAE04EC0-301F-11D3-BF4B-00C04F79EFBC}") = "Odev7_RehberUygulamasi", "Odev7_RehberUygulamasi.csproj", "{B4C952A7-D189-4745-B1F3-D323760E0CCF}"
EndProject
Global
	GlobalSection(SolutionConfigurationPlatforms) = preSolution
		Debug|Any CPU = Debug|Any CPU
		Release|Any CPU = Release|Any CPU
	EndGlobalSection
	GlobalSection(ProjectConfigurationPlatforms) = postSolution
		{B4C952A7-D189-4745-B1F3-D323760E0CCF}.Debug|Any CPU.ActiveCfg = Debug|Any CPU
		{B4C952A7-D189-4745-B1F3-D323760E0CCF}.Debug|Any CPU.Build.0 = Debug|Any CPU
		{B4C952A7-D189-4745-B1F3-D323760E0CCF}.Release|Any CPU.ActiveCfg = Release|Any CPU
		{B4C952A7-D189-4745-B1F3-D323760E0CCF}.Release|Any CPU.Build.0 = Release|Any CPU
	EndGlobalSection
	GlobalSection(SolutionProperties) = preSolution
		HideSolutionNode = FALSE
	EndGlobalSection
	GlobalSection(ExtensibilityGlobals) = postSolution
		SolutionGuid = {C9B46B66-F720-47EC-B4AD-71C4D89A5B09}
	EndGlobalSection
EndGlobal
