
Microsoft Visual Studio Solution File, Format Version 12.00
# Visual Studio Version 17
VisualStudioVersion = 17.4.33213.308
MinimumVisualStudioVersion = 10.0.40219.1
Project("{FAE04EC0-301F-11D3-BF4B-00C04F79EFBC}") = "Ders31_LSP", "Ders31_LSP.csproj", "{5EB602BD-A1C7-4FD9-B31A-FA01F66FC09F}"
EndProject
Global
	GlobalSection(SolutionConfigurationPlatforms) = preSolution
		Debug|Any CPU = Debug|Any CPU
		Release|Any CPU = Release|Any CPU
	EndGlobalSection
	GlobalSection(ProjectConfigurationPlatforms) = postSolution
		{5EB602BD-A1C7-4FD9-B31A-FA01F66FC09F}.Debug|Any CPU.ActiveCfg = Debug|Any CPU
		{5EB602BD-A1C7-4FD9-B31A-FA01F66FC09F}.Debug|Any CPU.Build.0 = Debug|Any CPU
		{5EB602BD-A1C7-4FD9-B31A-FA01F66FC09F}.Release|Any CPU.ActiveCfg = Release|Any CPU
		{5EB602BD-A1C7-4FD9-B31A-FA01F66FC09F}.Release|Any CPU.Build.0 = Release|Any CPU
	EndGlobalSection
	GlobalSection(SolutionProperties) = preSolution
		HideSolutionNode = FALSE
	EndGlobalSection
	GlobalSection(ExtensibilityGlobals) = postSolution
		SolutionGuid = {7A6DFCD3-A177-4A0E-B445-ECCD8AD7E68D}
	EndGlobalSection
EndGlobal
