
Microsoft Visual Studio Solution File, Format Version 12.00
# Visual Studio Version 17
VisualStudioVersion = 17.4.33122.133
MinimumVisualStudioVersion = 10.0.40219.1
Project("{FAE04EC0-301F-11D3-BF4B-00C04F79EFBC}") = "Ders19_MetotOrnekler", "Ders19_MetotOrnekler.csproj", "{B9E22617-502C-4E11-8AE7-B3C647F1E1A3}"
EndProject
Global
	GlobalSection(SolutionConfigurationPlatforms) = preSolution
		Debug|Any CPU = Debug|Any CPU
		Release|Any CPU = Release|Any CPU
	EndGlobalSection
	GlobalSection(ProjectConfigurationPlatforms) = postSolution
		{B9E22617-502C-4E11-8AE7-B3C647F1E1A3}.Debug|Any CPU.ActiveCfg = Debug|Any CPU
		{B9E22617-502C-4E11-8AE7-B3C647F1E1A3}.Debug|Any CPU.Build.0 = Debug|Any CPU
		{B9E22617-502C-4E11-8AE7-B3C647F1E1A3}.Release|Any CPU.ActiveCfg = Release|Any CPU
		{B9E22617-502C-4E11-8AE7-B3C647F1E1A3}.Release|Any CPU.Build.0 = Release|Any CPU
	EndGlobalSection
	GlobalSection(SolutionProperties) = preSolution
		HideSolutionNode = FALSE
	EndGlobalSection
	GlobalSection(ExtensibilityGlobals) = postSolution
		SolutionGuid = {7847860C-21E5-4277-9B53-7A4D66A0B353}
	EndGlobalSection
EndGlobal
