
Microsoft Visual Studio Solution File, Format Version 12.00
# Visual Studio Version 17
VisualStudioVersion = 17.4.33213.308
MinimumVisualStudioVersion = 10.0.40219.1
Project("{FAE04EC0-301F-11D3-BF4B-00C04F79EFBC}") = "Ders36_HTML", "Ders36_HTML\Ders36_HTML.csproj", "{D93CFD6D-A644-4399-A5FB-CB77DED65AC5}"
EndProject
Global
	GlobalSection(SolutionConfigurationPlatforms) = preSolution
		Debug|Any CPU = Debug|Any CPU
		Release|Any CPU = Release|Any CPU
	EndGlobalSection
	GlobalSection(ProjectConfigurationPlatforms) = postSolution
		{D93CFD6D-A644-4399-A5FB-CB77DED65AC5}.Debug|Any CPU.ActiveCfg = Debug|Any CPU
		{D93CFD6D-A644-4399-A5FB-CB77DED65AC5}.Debug|Any CPU.Build.0 = Debug|Any CPU
		{D93CFD6D-A644-4399-A5FB-CB77DED65AC5}.Release|Any CPU.ActiveCfg = Release|Any CPU
		{D93CFD6D-A644-4399-A5FB-CB77DED65AC5}.Release|Any CPU.Build.0 = Release|Any CPU
	EndGlobalSection
	GlobalSection(SolutionProperties) = preSolution
		HideSolutionNode = FALSE
	EndGlobalSection
	GlobalSection(ExtensibilityGlobals) = postSolution
		SolutionGuid = {7917A6D5-9504-457D-85D7-D02C8E22598C}
	EndGlobalSection
EndGlobal
