
Microsoft Visual Studio Solution File, Format Version 12.00
# Visual Studio Version 17
VisualStudioVersion = 17.4.33213.308
MinimumVisualStudioVersion = 10.0.40219.1
Project("{FAE04EC0-301F-11D3-BF4B-00C04F79EFBC}") = "Ders31_ISP", "Ders31_ISP.csproj", "{748ADEF8-050E-49B3-976A-009B5AEFDAD5}"
EndProject
Global
	GlobalSection(SolutionConfigurationPlatforms) = preSolution
		Debug|Any CPU = Debug|Any CPU
		Release|Any CPU = Release|Any CPU
	EndGlobalSection
	GlobalSection(ProjectConfigurationPlatforms) = postSolution
		{748ADEF8-050E-49B3-976A-009B5AEFDAD5}.Debug|Any CPU.ActiveCfg = Debug|Any CPU
		{748ADEF8-050E-49B3-976A-009B5AEFDAD5}.Debug|Any CPU.Build.0 = Debug|Any CPU
		{748ADEF8-050E-49B3-976A-009B5AEFDAD5}.Release|Any CPU.ActiveCfg = Release|Any CPU
		{748ADEF8-050E-49B3-976A-009B5AEFDAD5}.Release|Any CPU.Build.0 = Release|Any CPU
	EndGlobalSection
	GlobalSection(SolutionProperties) = preSolution
		HideSolutionNode = FALSE
	EndGlobalSection
	GlobalSection(ExtensibilityGlobals) = postSolution
		SolutionGuid = {BFDA84CC-BBA5-46C7-B6DD-72D654E8317D}
	EndGlobalSection
EndGlobal
