
Microsoft Visual Studio Solution File, Format Version 12.00
# Visual Studio Version 17
VisualStudioVersion = 17.4.33122.133
MinimumVisualStudioVersion = 10.0.40219.1
Project("{FAE04EC0-301F-11D3-BF4B-00C04F79EFBC}") = "Ders21_SystemIO", "Ders21_SystemIO.csproj", "{461A7476-BD00-4817-BB29-91E6602CFA26}"
EndProject
Global
	GlobalSection(SolutionConfigurationPlatforms) = preSolution
		Debug|Any CPU = Debug|Any CPU
		Release|Any CPU = Release|Any CPU
	EndGlobalSection
	GlobalSection(ProjectConfigurationPlatforms) = postSolution
		{461A7476-BD00-4817-BB29-91E6602CFA26}.Debug|Any CPU.ActiveCfg = Debug|Any CPU
		{461A7476-BD00-4817-BB29-91E6602CFA26}.Debug|Any CPU.Build.0 = Debug|Any CPU
		{461A7476-BD00-4817-BB29-91E6602CFA26}.Release|Any CPU.ActiveCfg = Release|Any CPU
		{461A7476-BD00-4817-BB29-91E6602CFA26}.Release|Any CPU.Build.0 = Release|Any CPU
	EndGlobalSection
	GlobalSection(SolutionProperties) = preSolution
		HideSolutionNode = FALSE
	EndGlobalSection
	GlobalSection(ExtensibilityGlobals) = postSolution
		SolutionGuid = {A3315C27-2F04-4DB6-94AC-AAA665EA920C}
	EndGlobalSection
EndGlobal
