
Microsoft Visual Studio Solution File, Format Version 12.00
# Visual Studio Version 17
VisualStudioVersion = 17.4.33213.308
MinimumVisualStudioVersion = 10.0.40219.1
Project("{FAE04EC0-301F-11D3-BF4B-00C04F79EFBC}") = "Ders31_OCP", "Ders31_OCP.csproj", "{D0D546CB-DD10-44AC-84B0-AE0C411CF37A}"
EndProject
Global
	GlobalSection(SolutionConfigurationPlatforms) = preSolution
		Debug|Any CPU = Debug|Any CPU
		Release|Any CPU = Release|Any CPU
	EndGlobalSection
	GlobalSection(ProjectConfigurationPlatforms) = postSolution
		{D0D546CB-DD10-44AC-84B0-AE0C411CF37A}.Debug|Any CPU.ActiveCfg = Debug|Any CPU
		{D0D546CB-DD10-44AC-84B0-AE0C411CF37A}.Debug|Any CPU.Build.0 = Debug|Any CPU
		{D0D546CB-DD10-44AC-84B0-AE0C411CF37A}.Release|Any CPU.ActiveCfg = Release|Any CPU
		{D0D546CB-DD10-44AC-84B0-AE0C411CF37A}.Release|Any CPU.Build.0 = Release|Any CPU
	EndGlobalSection
	GlobalSection(SolutionProperties) = preSolution
		HideSolutionNode = FALSE
	EndGlobalSection
	GlobalSection(ExtensibilityGlobals) = postSolution
		SolutionGuid = {DF559145-35D6-4718-9831-C0B3FA9D3427}
	EndGlobalSection
EndGlobal
