
Microsoft Visual Studio Solution File, Format Version 12.00
# Visual Studio Version 17
VisualStudioVersion = 17.4.33213.308
MinimumVisualStudioVersion = 10.0.40219.1
Project("{FAE04EC0-301F-11D3-BF4B-00C04F79EFBC}") = "Ders30_Interface", "Ders30_Interface.csproj", "{128B8D90-6C53-40BF-B306-3A25AB61D40D}"
EndProject
Global
	GlobalSection(SolutionConfigurationPlatforms) = preSolution
		Debug|Any CPU = Debug|Any CPU
		Release|Any CPU = Release|Any CPU
	EndGlobalSection
	GlobalSection(ProjectConfigurationPlatforms) = postSolution
		{128B8D90-6C53-40BF-B306-3A25AB61D40D}.Debug|Any CPU.ActiveCfg = Debug|Any CPU
		{128B8D90-6C53-40BF-B306-3A25AB61D40D}.Debug|Any CPU.Build.0 = Debug|Any CPU
		{128B8D90-6C53-40BF-B306-3A25AB61D40D}.Release|Any CPU.ActiveCfg = Release|Any CPU
		{128B8D90-6C53-40BF-B306-3A25AB61D40D}.Release|Any CPU.Build.0 = Release|Any CPU
	EndGlobalSection
	GlobalSection(SolutionProperties) = preSolution
		HideSolutionNode = FALSE
	EndGlobalSection
	GlobalSection(ExtensibilityGlobals) = postSolution
		SolutionGuid = {77494E6A-672F-4AE4-B099-D104EE7E932F}
	EndGlobalSection
EndGlobal
