
Microsoft Visual Studio Solution File, Format Version 12.00
# Visual Studio Version 17
VisualStudioVersion = 17.4.33122.133
MinimumVisualStudioVersion = 10.0.40219.1
Project("{FAE04EC0-301F-11D3-BF4B-00C04F79EFBC}") = "ders19_Metotlar", "ders19_Metotlar.csproj", "{4913E687-A1D8-49E0-A2EA-AE6C210C681D}"
EndProject
Global
	GlobalSection(SolutionConfigurationPlatforms) = preSolution
		Debug|Any CPU = Debug|Any CPU
		Release|Any CPU = Release|Any CPU
	EndGlobalSection
	GlobalSection(ProjectConfigurationPlatforms) = postSolution
		{4913E687-A1D8-49E0-A2EA-AE6C210C681D}.Debug|Any CPU.ActiveCfg = Debug|Any CPU
		{4913E687-A1D8-49E0-A2EA-AE6C210C681D}.Debug|Any CPU.Build.0 = Debug|Any CPU
		{4913E687-A1D8-49E0-A2EA-AE6C210C681D}.Release|Any CPU.ActiveCfg = Release|Any CPU
		{4913E687-A1D8-49E0-A2EA-AE6C210C681D}.Release|Any CPU.Build.0 = Release|Any CPU
	EndGlobalSection
	GlobalSection(SolutionProperties) = preSolution
		HideSolutionNode = FALSE
	EndGlobalSection
	GlobalSection(ExtensibilityGlobals) = postSolution
		SolutionGuid = {A7D287CF-B468-4644-9027-5CF4ED5C867C}
	EndGlobalSection
EndGlobal
