
Microsoft Visual Studio Solution File, Format Version 12.00
# Visual Studio Version 17
VisualStudioVersion = 17.3.32929.385
MinimumVisualStudioVersion = 10.0.40219.1
Project("{FAE04EC0-301F-11D3-BF4B-00C04F79EFBC}") = "Ders9_TryCatch", "Ders9_TryCatch.csproj", "{EAE61656-CB64-4367-ACC3-D857C8DBD1D8}"
EndProject
Global
	GlobalSection(SolutionConfigurationPlatforms) = preSolution
		Debug|Any CPU = Debug|Any CPU
		Release|Any CPU = Release|Any CPU
	EndGlobalSection
	GlobalSection(ProjectConfigurationPlatforms) = postSolution
		{EAE61656-CB64-4367-ACC3-D857C8DBD1D8}.Debug|Any CPU.ActiveCfg = Debug|Any CPU
		{EAE61656-CB64-4367-ACC3-D857C8DBD1D8}.Debug|Any CPU.Build.0 = Debug|Any CPU
		{EAE61656-CB64-4367-ACC3-D857C8DBD1D8}.Release|Any CPU.ActiveCfg = Release|Any CPU
		{EAE61656-CB64-4367-ACC3-D857C8DBD1D8}.Release|Any CPU.Build.0 = Release|Any CPU
	EndGlobalSection
	GlobalSection(SolutionProperties) = preSolution
		HideSolutionNode = FALSE
	EndGlobalSection
	GlobalSection(ExtensibilityGlobals) = postSolution
		SolutionGuid = {6C84ECDA-BF4D-41B6-B076-2810561EC218}
	EndGlobalSection
EndGlobal
